
Microsoft Visual Studio Solution File, Format Version 12.00
# Visual Studio Version 17
VisualStudioVersion = 17.7.34024.191
MinimumVisualStudioVersion = 10.0.40219.1
Project("{9A19103F-16F7-4668-BE54-9A1E7A4F7556}") = "lab8", "lab8\lab8.csproj", "{7D762B2C-1ACC-408E-9970-ECAC06C09367}"
EndProject
Project("{FAE04EC0-301F-11D3-BF4B-00C04F79EFBC}") = "AnimalClasses", "AnimalClasses\AnimalClasses.csproj", "{AE48FDA0-8B1E-4265-B273-9D38D46D84ED}"
EndProject
Project("{FAE04EC0-301F-11D3-BF4B-00C04F79EFBC}") = "part1_serialize", "part1_serialize\part1_serialize.csproj", "{9DE8CF83-0FCA-4980-A420-F523ED786C09}"
EndProject
Project("{FAE04EC0-301F-11D3-BF4B-00C04F79EFBC}") = "part1_deserialize", "part1_deserialize\part1_deserialize.csproj", "{97CE5129-3B61-45C0-8A81-9651841E48C8}"
EndProject
Project("{FAE04EC0-301F-11D3-BF4B-00C04F79EFBC}") = "part2", "part2\part2.csproj", "{B02AF18F-CA01-4601-805E-DDBE550A5361}"
EndProject
Global
	GlobalSection(SolutionConfigurationPlatforms) = preSolution
		Debug|Any CPU = Debug|Any CPU
		Release|Any CPU = Release|Any CPU
	EndGlobalSection
	GlobalSection(ProjectConfigurationPlatforms) = postSolution
		{7D762B2C-1ACC-408E-9970-ECAC06C09367}.Debug|Any CPU.ActiveCfg = Debug|Any CPU
		{7D762B2C-1ACC-408E-9970-ECAC06C09367}.Debug|Any CPU.Build.0 = Debug|Any CPU
		{7D762B2C-1ACC-408E-9970-ECAC06C09367}.Release|Any CPU.ActiveCfg = Release|Any CPU
		{7D762B2C-1ACC-408E-9970-ECAC06C09367}.Release|Any CPU.Build.0 = Release|Any CPU
		{AE48FDA0-8B1E-4265-B273-9D38D46D84ED}.Debug|Any CPU.ActiveCfg = Debug|Any CPU
		{AE48FDA0-8B1E-4265-B273-9D38D46D84ED}.Debug|Any CPU.Build.0 = Debug|Any CPU
		{AE48FDA0-8B1E-4265-B273-9D38D46D84ED}.Release|Any CPU.ActiveCfg = Release|Any CPU
		{AE48FDA0-8B1E-4265-B273-9D38D46D84ED}.Release|Any CPU.Build.0 = Release|Any CPU
		{9DE8CF83-0FCA-4980-A420-F523ED786C09}.Debug|Any CPU.ActiveCfg = Debug|Any CPU
		{9DE8CF83-0FCA-4980-A420-F523ED786C09}.Debug|Any CPU.Build.0 = Debug|Any CPU
		{9DE8CF83-0FCA-4980-A420-F523ED786C09}.Release|Any CPU.ActiveCfg = Release|Any CPU
		{9DE8CF83-0FCA-4980-A420-F523ED786C09}.Release|Any CPU.Build.0 = Release|Any CPU
		{97CE5129-3B61-45C0-8A81-9651841E48C8}.Debug|Any CPU.ActiveCfg = Debug|Any CPU
		{97CE5129-3B61-45C0-8A81-9651841E48C8}.Debug|Any CPU.Build.0 = Debug|Any CPU
		{97CE5129-3B61-45C0-8A81-9651841E48C8}.Release|Any CPU.ActiveCfg = Release|Any CPU
		{97CE5129-3B61-45C0-8A81-9651841E48C8}.Release|Any CPU.Build.0 = Release|Any CPU
		{B02AF18F-CA01-4601-805E-DDBE550A5361}.Debug|Any CPU.ActiveCfg = Debug|Any CPU
		{B02AF18F-CA01-4601-805E-DDBE550A5361}.Debug|Any CPU.Build.0 = Debug|Any CPU
		{B02AF18F-CA01-4601-805E-DDBE550A5361}.Release|Any CPU.ActiveCfg = Release|Any CPU
		{B02AF18F-CA01-4601-805E-DDBE550A5361}.Release|Any CPU.Build.0 = Release|Any CPU
	EndGlobalSection
	GlobalSection(SolutionProperties) = preSolution
		HideSolutionNode = FALSE
	EndGlobalSection
	GlobalSection(ExtensibilityGlobals) = postSolution
		SolutionGuid = {91B12CF8-4B91-4B7E-88CD-70BC869F53D4}
	EndGlobalSection
EndGlobal
